// !$*UTF8*$!
{
	archiveVersion = 1;
	classes = {
	};
	objectVersion = 50;
	objects = {

/* Begin PBXBuildFile section */
		F511E509282AAF0900FE0271 /* Assets.xcassets in Resources */ = {isa = PBXBuildFile; fileRef = F511E508282AAF0900FE0271 /* Assets.xcassets */; };
		F511E50C282AAF0900FE0271 /* Preview Assets.xcassets in Resources */ = {isa = PBXBuildFile; fileRef = F511E50B282AAF0900FE0271 /* Preview Assets.xcassets */; };
		F511E50F282AAF0900FE0271 /* LaunchScreen.storyboard in Resources */ = {isa = PBXBuildFile; fileRef = F511E50D282AAF0900FE0271 /* LaunchScreen.storyboard */; };
/* End PBXBuildFile section */

/* Begin PBXFileReference section */
		F511E4FF282AAF0600FE0271 /* NewsTime.app */ = {isa = PBXFileReference; explicitFileType = wrapper.application; includeInIndex = 0; path = NewsTime.app; sourceTree = BUILT_PRODUCTS_DIR; };
		F511E508282AAF0900FE0271 /* Assets.xcassets */ = {isa = PBXFileReference; lastKnownFileType = folder.assetcatalog; path = Assets.xcassets; sourceTree = "<group>"; };
		F511E50B282AAF0900FE0271 /* Preview Assets.xcassets */ = {isa = PBXFileReference; lastKnownFileType = folder.assetcatalog; path = "Preview Assets.xcassets"; sourceTree = "<group>"; };
		F511E50E282AAF0900FE0271 /* Base */ = {isa = PBXFileReference; lastKnownFileType = file.storyboard; name = Base; path = Base.lproj/LaunchScreen.storyboard; sourceTree = "<group>"; };
		F511E510282AAF0900FE0271 /* Info.plist */ = {isa = PBXFileReference; lastKnownFileType = text.plist.xml; path = Info.plist; sourceTree = "<group>"; };
		F511E543282AB68200FE0271 /* AppDelegate.swift */ = {isa = PBXFileReference; lastKnownFileType = sourcecode.swift; path = AppDelegate.swift; sourceTree = "<group>"; };
		F511E544282AB68200FE0271 /* SceneDelegate.swift */ = {isa = PBXFileReference; lastKnownFileType = sourcecode.swift; path = SceneDelegate.swift; sourceTree = "<group>"; };
		F511E549282AB68B00FE0271 /* Base */ = {isa = PBXFileReference; lastKnownFileType = file.storyboard; name = Base; path = Base.lproj/LaunchScreen.storyboard; sourceTree = "<group>"; };
		F511E54B282AB68B00FE0271 /* Base */ = {isa = PBXFileReference; lastKnownFileType = file.storyboard; name = Base; path = Base.lproj/Main.storyboard; sourceTree = "<group>"; };
		F511E54D282AB68D00FE0271 /* NewsItem.swift */ = {isa = PBXFileReference; lastKnownFileType = sourcecode.swift; path = NewsItem.swift; sourceTree = "<group>"; };
		F511E54F282AB69000FE0271 /* Alert.swift */ = {isa = PBXFileReference; lastKnownFileType = sourcecode.swift; path = Alert.swift; sourceTree = "<group>"; };
		F511E550282AB69000FE0271 /* DesignButton.swift */ = {isa = PBXFileReference; lastKnownFileType = sourcecode.swift; path = DesignButton.swift; sourceTree = "<group>"; };
		F511E551282AB69000FE0271 /* BounceButton.swift */ = {isa = PBXFileReference; lastKnownFileType = sourcecode.swift; path = BounceButton.swift; sourceTree = "<group>"; };
		F511E553282AB69200FE0271 /* NewsFeedViewController.swift */ = {isa = PBXFileReference; lastKnownFileType = sourcecode.swift; path = NewsFeedViewController.swift; sourceTree = "<group>"; };
		F511E554282AB69200FE0271 /* DetailViewController.swift */ = {isa = PBXFileReference; lastKnownFileType = sourcecode.swift; path = DetailViewController.swift; sourceTree = "<group>"; };
		F511E555282AB69200FE0271 /* SavedDataTableViewCell.swift */ = {isa = PBXFileReference; lastKnownFileType = sourcecode.swift; path = SavedDataTableViewCell.swift; sourceTree = "<group>"; };
		F511E556282AB69200FE0271 /* SavedTableViewController.swift */ = {isa = PBXFileReference; lastKnownFileType = sourcecode.swift; path = SavedTableViewController.swift; sourceTree = "<group>"; };
		F511E557282AB69200FE0271 /* WebViewController.swift */ = {isa = PBXFileReference; lastKnownFileType = sourcecode.swift; path = WebViewController.swift; sourceTree = "<group>"; };
		F511E559282AB69200FE0271 /* NewsApiOrg.xcdatamodel */ = {isa = PBXFileReference; lastKnownFileType = wrapper.xcdatamodel; path = NewsApiOrg.xcdatamodel; sourceTree = "<group>"; };
		F511E55A282AB69200FE0271 /* NewsTableViewCell.swift */ = {isa = PBXFileReference; lastKnownFileType = sourcecode.swift; path = NewsTableViewCell.swift; sourceTree = "<group>"; };
/* End PBXFileReference section */

/* Begin PBXFrameworksBuildPhase section */
		F511E4FC282AAF0600FE0271 /* Frameworks */ = {
			isa = PBXFrameworksBuildPhase;
			buildActionMask = 2147483647;
			files = (
			);
			runOnlyForDeploymentPostprocessing = 0;
		};
/* End PBXFrameworksBuildPhase section */

/* Begin PBXGroup section */
		F511E4F6282AAF0600FE0271 = {
			isa = PBXGroup;
			children = (
				F511E558282AB69200FE0271 /* NewsApiOrg.xcdatamodeld */,
				F511E501282AAF0600FE0271 /* NewsTime */,
				F511E500282AAF0600FE0271 /* Products */,
			);
			sourceTree = "<group>";
		};
		F511E500282AAF0600FE0271 /* Products */ = {
			isa = PBXGroup;
			children = (
				F511E4FF282AAF0600FE0271 /* NewsTime.app */,
			);
			name = Products;
			sourceTree = "<group>";
		};
		F511E501282AAF0600FE0271 /* NewsTime */ = {
			isa = PBXGroup;
			children = (
				F511E542282AB68200FE0271 /* AppDelegate */,
				F511E552282AB69200FE0271 /* Controllers */,
				F511E54E282AB69000FE0271 /* Extension */,
				F511E54C282AB68D00FE0271 /* Model */,
				F511E547282AB68B00FE0271 /* Views */,
				F511E508282AAF0900FE0271 /* Assets.xcassets */,
				F511E50D282AAF0900FE0271 /* LaunchScreen.storyboard */,
				F511E510282AAF0900FE0271 /* Info.plist */,
				F511E50A282AAF0900FE0271 /* Preview Content */,
			);
			path = NewsTime;
			sourceTree = "<group>";
		};
		F511E50A282AAF0900FE0271 /* Preview Content */ = {
			isa = PBXGroup;
			children = (
				F511E50B282AAF0900FE0271 /* Preview Assets.xcassets */,
			);
			path = "Preview Content";
			sourceTree = "<group>";
		};
		F511E542282AB68200FE0271 /* AppDelegate */ = {
			isa = PBXGroup;
			children = (
				F511E543282AB68200FE0271 /* AppDelegate.swift */,
				F511E544282AB68200FE0271 /* SceneDelegate.swift */,
			);
			path = AppDelegate;
			sourceTree = "<group>";
		};
		F511E547282AB68B00FE0271 /* Views */ = {
			isa = PBXGroup;
			children = (
				F511E548282AB68B00FE0271 /* LaunchScreen.storyboard */,
				F511E54A282AB68B00FE0271 /* Main.storyboard */,
			);
			path = Views;
			sourceTree = "<group>";
		};
		F511E54C282AB68D00FE0271 /* Model */ = {
			isa = PBXGroup;
			children = (
				F511E54D282AB68D00FE0271 /* NewsItem.swift */,
			);
			path = Model;
			sourceTree = "<group>";
		};
		F511E54E282AB69000FE0271 /* Extension */ = {
			isa = PBXGroup;
			children = (
				F511E54F282AB69000FE0271 /* Alert.swift */,
				F511E550282AB69000FE0271 /* DesignButton.swift */,
				F511E551282AB69000FE0271 /* BounceButton.swift */,
			);
			path = Extension;
			sourceTree = "<group>";
		};
		F511E552282AB69200FE0271 /* Controllers */ = {
			isa = PBXGroup;
			children = (
				F511E553282AB69200FE0271 /* NewsFeedViewController.swift */,
				F511E554282AB69200FE0271 /* DetailViewController.swift */,
				F511E555282AB69200FE0271 /* SavedDataTableViewCell.swift */,
				F511E556282AB69200FE0271 /* SavedTableViewController.swift */,
				F511E557282AB69200FE0271 /* WebViewController.swift */,
				F511E55A282AB69200FE0271 /* NewsTableViewCell.swift */,
			);
			path = Controllers;
			sourceTree = "<group>";
		};
/* End PBXGroup section */

/* Begin PBXNativeTarget section */
		F511E4FE282AAF0600FE0271 /* NewsTime */ = {
			isa = PBXNativeTarget;
			buildConfigurationList = F511E513282AAF0900FE0271 /* Build configuration list for PBXNativeTarget "NewsTime" */;
			buildPhases = (
				F511E4FB282AAF0600FE0271 /* Sources */,
				F511E4FC282AAF0600FE0271 /* Frameworks */,
				F511E4FD282AAF0600FE0271 /* Resources */,
			);
			buildRules = (
			);
			dependencies = (
			);
			name = NewsTime;
			productName = NewsTime;
			productReference = F511E4FF282AAF0600FE0271 /* NewsTime.app */;
			productType = "com.apple.product-type.application";
		};
/* End PBXNativeTarget section */

/* Begin PBXProject section */
		F511E4F7282AAF0600FE0271 /* Project object */ = {
			isa = PBXProject;
			attributes = {
				LastSwiftUpdateCheck = 1130;
				LastUpgradeCheck = 1130;
				ORGANIZATIONNAME = "Vlad Lazoryk";
				TargetAttributes = {
					F511E4FE282AAF0600FE0271 = {
						CreatedOnToolsVersion = 11.3;
					};
				};
			};
			buildConfigurationList = F511E4FA282AAF0600FE0271 /* Build configuration list for PBXProject "NewsTime" */;
			compatibilityVersion = "Xcode 9.3";
			developmentRegion = en;
			hasScannedForEncodings = 0;
			knownRegions = (
				en,
				Base,
			);
			mainGroup = F511E4F6282AAF0600FE0271;
			productRefGroup = F511E500282AAF0600FE0271 /* Products */;
			projectDirPath = "";
			projectRoot = "";
			targets = (
				F511E4FE282AAF0600FE0271 /* NewsTime */,
			);
		};
/* End PBXProject section */

/* Begin PBXResourcesBuildPhase section */
		F511E4FD282AAF0600FE0271 /* Resources */ = {
			isa = PBXResourcesBuildPhase;
			buildActionMask = 2147483647;
			files = (
				F511E50F282AAF0900FE0271 /* LaunchScreen.storyboard in Resources */,
				F511E50C282AAF0900FE0271 /* Preview Assets.xcassets in Resources */,
				F511E509282AAF0900FE0271 /* Assets.xcassets in Resources */,
			);
			runOnlyForDeploymentPostprocessing = 0;
		};
/* End PBXResourcesBuildPhase section */

/* Begin PBXSourcesBuildPhase section */
		F511E4FB282AAF0600FE0271 /* Sources */ = {
			isa = PBXSourcesBuildPhase;
			buildActionMask = 2147483647;
			files = (
			);
			runOnlyForDeploymentPostprocessing = 0;
		};
/* End PBXSourcesBuildPhase section */

/* Begin PBXVariantGroup section */
		F511E50D282AAF0900FE0271 /* LaunchScreen.storyboard */ = {
			isa = PBXVariantGroup;
			children = (
				F511E50E282AAF0900FE0271 /* Base */,
			);
			name = LaunchScreen.storyboard;
			sourceTree = "<group>";
		};
		F511E548282AB68B00FE0271 /* LaunchScreen.storyboard */ = {
			isa = PBXVariantGroup;
			children = (
				F511E549282AB68B00FE0271 /* Base */,
			);
			name = LaunchScreen.storyboard;
			sourceTree = "<group>";
		};
		F511E54A282AB68B00FE0271 /* Main.storyboard */ = {
			isa = PBXVariantGroup;
			children = (
				F511E54B282AB68B00FE0271 /* Base */,
			);
			name = Main.storyboard;
			sourceTree = "<group>";
		};
/* End PBXVariantGroup section */

/* Begin XCBuildConfiguration section */
		F511E511282AAF0900FE0271 /* Debug */ = {
			isa = XCBuildConfiguration;
			buildSettings = {
				ALWAYS_SEARCH_USER_PATHS = NO;
				CLANG_ANALYZER_NONNULL = YES;
				CLANG_ANALYZER_NUMBER_OBJECT_CONVERSION = YES_AGGRESSIVE;
				CLANG_CXX_LANGUAGE_STANDARD = "gnu++14";
				CLANG_CXX_LIBRARY = "libc++";
				CLANG_ENABLE_MODULES = YES;
				CLANG_ENABLE_OBJC_ARC = YES;
				CLANG_ENABLE_OBJC_WEAK = YES;
				CLANG_WARN_BLOCK_CAPTURE_AUTORELEASING = YES;
				CLANG_WARN_BOOL_CONVERSION = YES;
				CLANG_WARN_COMMA = YES;
				CLANG_WARN_CONSTANT_CONVERSION = YES;
				CLANG_WARN_DEPRECATED_OBJC_IMPLEMENTATIONS = YES;
				CLANG_WARN_DIRECT_OBJC_ISA_USAGE = YES_ERROR;
				CLANG_WARN_DOCUMENTATION_COMMENTS = YES;
				CLANG_WARN_EMPTY_BODY = YES;
				CLANG_WARN_ENUM_CONVERSION = YES;
				CLANG_WARN_INFINITE_RECURSION = YES;
				CLANG_WARN_INT_CONVERSION = YES;
				CLANG_WARN_NON_LITERAL_NULL_CONVERSION = YES;
				CLANG_WARN_OBJC_IMPLICIT_RETAIN_SELF = YES;
				CLANG_WARN_OBJC_LITERAL_CONVERSION = YES;
				CLANG_WARN_OBJC_ROOT_CLASS = YES_ERROR;
				CLANG_WARN_RANGE_LOOP_ANALYSIS = YES;
				CLANG_WARN_STRICT_PROTOTYPES = YES;
				CLANG_WARN_SUSPICIOUS_MOVE = YES;
				CLANG_WARN_UNGUARDED_AVAILABILITY = YES_AGGRESSIVE;
				CLANG_WARN_UNREACHABLE_CODE = YES;
				CLANG_WARN__DUPLICATE_METHOD_MATCH = YES;
				COPY_PHASE_STRIP = NO;
				DEBUG_INFORMATION_FORMAT = dwarf;
				ENABLE_STRICT_OBJC_MSGSEND = YES;
				ENABLE_TESTABILITY = YES;
				GCC_C_LANGUAGE_STANDARD = gnu11;
				GCC_DYNAMIC_NO_PIC = NO;
				GCC_NO_COMMON_BLOCKS = YES;
				GCC_OPTIMIZATION_LEVEL = 0;
				GCC_PREPROCESSOR_DEFINITIONS = (
					"DEBUG=1",
					"$(inherited)",
				);
				GCC_WARN_64_TO_32_BIT_CONVERSION = YES;
				GCC_WARN_ABOUT_RETURN_TYPE = YES_ERROR;
				GCC_WARN_UNDECLARED_SELECTOR = YES;
				GCC_WARN_UNINITIALIZED_AUTOS = YES_AGGRESSIVE;
				GCC_WARN_UNUSED_FUNCTION = YES;
				GCC_WARN_UNUSED_VARIABLE = YES;
				IPHONEOS_DEPLOYMENT_TARGET = 13.2;
				MTL_ENABLE_DEBUG_INFO = INCLUDE_SOURCE;
				MTL_FAST_MATH = YES;
				ONLY_ACTIVE_ARCH = YES;
				SDKROOT = iphoneos;
				SWIFT_ACTIVE_COMPILATION_CONDITIONS = DEBUG;
				SWIFT_OPTIMIZATION_LEVEL = "-Onone";
			};
			name = Debug;
		};
		F511E512282AAF0900FE0271 /* Release */ = {
			isa = XCBuildConfiguration;
			buildSettings = {
				ALWAYS_SEARCH_USER_PATHS = NO;
				CLANG_ANALYZER_NONNULL = YES;
				CLANG_ANALYZER_NUMBER_OBJECT_CONVERSION = YES_AGGRESSIVE;
				CLANG_CXX_LANGUAGE_STANDARD = "gnu++14";
				CLANG_CXX_LIBRARY = "libc++";
				CLANG_ENABLE_MODULES = YES;
				CLANG_ENABLE_OBJC_ARC = YES;
				CLANG_ENABLE_OBJC_WEAK = YES;
				CLANG_WARN_BLOCK_CAPTURE_AUTORELEASING = YES;
				CLANG_WARN_BOOL_CONVERSION = YES;
				CLANG_WARN_COMMA = YES;
				CLANG_WARN_CONSTANT_CONVERSION = YES;
				CLANG_WARN_DEPRECATED_OBJC_IMPLEMENTATIONS = YES;
				CLANG_WARN_DIRECT_OBJC_ISA_USAGE = YES_ERROR;
				CLANG_WARN_DOCUMENTATION_COMMENTS = YES;
				CLANG_WARN_EMPTY_BODY = YES;
				CLANG_WARN_ENUM_CONVERSION = YES;
				CLANG_WARN_INFINITE_RECURSION = YES;
				CLANG_WARN_INT_CONVERSION = YES;
				CLANG_WARN_NON_LITERAL_NULL_CONVERSION = YES;
				CLANG_WARN_OBJC_IMPLICIT_RETAIN_SELF = YES;
				CLANG_WARN_OBJC_LITERAL_CONVERSION = YES;
				CLANG_WARN_OBJC_ROOT_CLASS = YES_ERROR;
				CLANG_WARN_RANGE_LOOP_ANALYSIS = YES;
				CLANG_WARN_STRICT_PROTOTYPES = YES;
				CLANG_WARN_SUSPICIOUS_MOVE = YES;
				CLANG_WARN_UNGUARDED_AVAILABILITY = YES_AGGRESSIVE;
				CLANG_WARN_UNREACHABLE_CODE = YES;
				CLANG_WARN__DUPLICATE_METHOD_MATCH = YES;
				COPY_PHASE_STRIP = NO;
				DEBUG_INFORMATION_FORMAT = "dwarf-with-dsym";
				ENABLE_NS_ASSERTIONS = NO;
				ENABLE_STRICT_OBJC_MSGSEND = YES;
				GCC_C_LANGUAGE_STANDARD = gnu11;
				GCC_NO_COMMON_BLOCKS = YES;
				GCC_WARN_64_TO_32_BIT_CONVERSION = YES;
				GCC_WARN_ABOUT_RETURN_TYPE = YES_ERROR;
				GCC_WARN_UNDECLARED_SELECTOR = YES;
				GCC_WARN_UNINITIALIZED_AUTOS = YES_AGGRESSIVE;
				GCC_WARN_UNUSED_FUNCTION = YES;
				GCC_WARN_UNUSED_VARIABLE = YES;
				IPHONEOS_DEPLOYMENT_TARGET = 13.2;
				MTL_ENABLE_DEBUG_INFO = NO;
				MTL_FAST_MATH = YES;
				SDKROOT = iphoneos;
				SWIFT_COMPILATION_MODE = wholemodule;
				SWIFT_OPTIMIZATION_LEVEL = "-O";
				VALIDATE_PRODUCT = YES;
			};
			name = Release;
		};
		F511E514282AAF0900FE0271 /* Debug */ = {
			isa = XCBuildConfiguration;
			buildSettings = {
				ASSETCATALOG_COMPILER_APPICON_NAME = AppIcon;
				CODE_SIGN_STYLE = Automatic;
				DEVELOPMENT_ASSET_PATHS = "\"NewsTime/Preview Content\"";
				DEVELOPMENT_TEAM = 52B3V978VS;
				ENABLE_PREVIEWS = YES;
				INFOPLIST_FILE = NewsTime/Info.plist;
				LD_RUNPATH_SEARCH_PATHS = (
					"$(inherited)",
					"@executable_path/Frameworks",
				);
				PRODUCT_BUNDLE_IDENTIFIER = "Vlad-Lazoryk.NewsTime";
				PRODUCT_NAME = "$(TARGET_NAME)";
				SWIFT_VERSION = 5.0;
				TARGETED_DEVICE_FAMILY = "1,2";
			};
			name = Debug;
		};
		F511E515282AAF0900FE0271 /* Release */ = {
			isa = XCBuildConfiguration;
			buildSettings = {
				ASSETCATALOG_COMPILER_APPICON_NAME = AppIcon;
				CODE_SIGN_STYLE = Automatic;
				DEVELOPMENT_ASSET_PATHS = "\"NewsTime/Preview Content\"";
				DEVELOPMENT_TEAM = 52B3V978VS;
				ENABLE_PREVIEWS = YES;
				INFOPLIST_FILE = NewsTime/Info.plist;
				LD_RUNPATH_SEARCH_PATHS = (
					"$(inherited)",
					"@executable_path/Frameworks",
				);
				PRODUCT_BUNDLE_IDENTIFIER = "Vlad-Lazoryk.NewsTime";
				PRODUCT_NAME = "$(TARGET_NAME)";
				SWIFT_VERSION = 5.0;
				TARGETED_DEVICE_FAMILY = "1,2";
			};
			name = Release;
		};
/* End XCBuildConfiguration section */

/* Begin XCConfigurationList section */
		F511E4FA282AAF0600FE0271 /* Build configuration list for PBXProject "NewsTime" */ = {
			isa = XCConfigurationList;
			buildConfigurations = (
				F511E511282AAF0900FE0271 /* Debug */,
				F511E512282AAF0900FE0271 /* Release */,
			);
			defaultConfigurationIsVisible = 0;
			defaultConfigurationName = Release;
		};
		F511E513282AAF0900FE0271 /* Build configuration list for PBXNativeTarget "NewsTime" */ = {
			isa = XCConfigurationList;
			buildConfigurations = (
				F511E514282AAF0900FE0271 /* Debug */,
				F511E515282AAF0900FE0271 /* Release */,
			);
			defaultConfigurationIsVisible = 0;
			defaultConfigurationName = Release;
		};
/* End XCConfigurationList section */

/* Begin XCVersionGroup section */
		F511E558282AB69200FE0271 /* NewsApiOrg.xcdatamodeld */ = {
			isa = XCVersionGroup;
			children = (
				F511E559282AB69200FE0271 /* NewsApiOrg.xcdatamodel */,
			);
			currentVersion = F511E559282AB69200FE0271 /* NewsApiOrg.xcdatamodel */;
			path = NewsApiOrg.xcdatamodeld;
			sourceTree = "<group>";
			versionGroupType = wrapper.xcdatamodel;
		};
/* End XCVersionGroup section */
	};
	rootObject = F511E4F7282AAF0600FE0271 /* Project object */;
}
